
Microsoft Visual Studio Solution File, Format Version 12.00
# Visual Studio 15
VisualStudioVersion = 15.0.27428.2037
MinimumVisualStudioVersion = 10.0.40219.1
Project("{FAE04EC0-301F-11D3-BF4B-00C04F79EFBC}") = "Palindrome", "Palindrome\Palindrome.csproj", "{B297F8DD-FA83-43FB-9227-E9A413530E55}"
EndProject
Project("{FAE04EC0-301F-11D3-BF4B-00C04F79EFBC}") = "PalindromeTest", "PalindromeTest\PalindromeTest.csproj", "{54B86DEE-2048-4197-8B3E-082811072276}"
EndProject
Project("{FAE04EC0-301F-11D3-BF4B-00C04F79EFBC}") = "Palindrome.BL", "Palindrome.BL\Palindrome.BL.csproj", "{A246A2A2-AE0D-4032-B106-29BCFAE92B9E}"
EndProject
Global
	GlobalSection(SolutionConfigurationPlatforms) = preSolution
		Debug|Any CPU = Debug|Any CPU
		Release|Any CPU = Release|Any CPU
	EndGlobalSection
	GlobalSection(ProjectConfigurationPlatforms) = postSolution
		{B297F8DD-FA83-43FB-9227-E9A413530E55}.Debug|Any CPU.ActiveCfg = Debug|Any CPU
		{B297F8DD-FA83-43FB-9227-E9A413530E55}.Debug|Any CPU.Build.0 = Debug|Any CPU
		{B297F8DD-FA83-43FB-9227-E9A413530E55}.Release|Any CPU.ActiveCfg = Release|Any CPU
		{B297F8DD-FA83-43FB-9227-E9A413530E55}.Release|Any CPU.Build.0 = Release|Any CPU
		{54B86DEE-2048-4197-8B3E-082811072276}.Debug|Any CPU.ActiveCfg = Debug|Any CPU
		{54B86DEE-2048-4197-8B3E-082811072276}.Debug|Any CPU.Build.0 = Debug|Any CPU
		{54B86DEE-2048-4197-8B3E-082811072276}.Release|Any CPU.ActiveCfg = Release|Any CPU
		{54B86DEE-2048-4197-8B3E-082811072276}.Release|Any CPU.Build.0 = Release|Any CPU
		{A246A2A2-AE0D-4032-B106-29BCFAE92B9E}.Debug|Any CPU.ActiveCfg = Debug|Any CPU
		{A246A2A2-AE0D-4032-B106-29BCFAE92B9E}.Debug|Any CPU.Build.0 = Debug|Any CPU
		{A246A2A2-AE0D-4032-B106-29BCFAE92B9E}.Release|Any CPU.ActiveCfg = Release|Any CPU
		{A246A2A2-AE0D-4032-B106-29BCFAE92B9E}.Release|Any CPU.Build.0 = Release|Any CPU
	EndGlobalSection
	GlobalSection(SolutionProperties) = preSolution
		HideSolutionNode = FALSE
	EndGlobalSection
	GlobalSection(ExtensibilityGlobals) = postSolution
		SolutionGuid = {F0F8ADC2-4FAA-4B1F-97E1-070EB65C03C7}
	EndGlobalSection
EndGlobal
